
Microsoft Visual Studio Solution File, Format Version 12.00
Project("{2150E333-8FDC-42A3-9474-1A3956D46DE8}") = "school.Api", "school.Api", "{94FB2057-D881-4870-A835-7EE9245023DF}"
EndProject
Project("{2150E333-8FDC-42A3-9474-1A3956D46DE8}") = "school.Modules", "school.Modules", "{36241FFF-EA31-4B90-A658-76DE24769413}"
EndProject
Project("{2150E333-8FDC-42A3-9474-1A3956D46DE8}") = "school.Shared", "school.Shared", "{520E5A25-EFE9-4778-B102-BD1E18E1409D}"
EndProject
Project("{FAE04EC0-301F-11D3-BF4B-00C04F79EFBC}") = "Api", "school.Api\Api\Api.csproj", "{90F2A820-6703-4066-BA53-3EA7ACEEBB6F}"
EndProject
Project("{2150E333-8FDC-42A3-9474-1A3956D46DE8}") = "Identity", "Identity", "{DA28DEBC-3230-46CD-88F1-B6FD703A9A46}"
EndProject
Project("{FAE04EC0-301F-11D3-BF4B-00C04F79EFBC}") = "Identity.Domain", "school.Modules\Identity\Identity.Domain\Identity.Domain.csproj", "{0C64A27D-3670-428A-8DCE-3ED3E3CB5F95}"
EndProject
Project("{FAE04EC0-301F-11D3-BF4B-00C04F79EFBC}") = "Identity.Application", "school.Modules\Identity\Identity.Application\Identity.Application.csproj", "{5023B2D1-48A1-4C0E-BF62-9A456E11BBF8}"
EndProject
Project("{FAE04EC0-301F-11D3-BF4B-00C04F79EFBC}") = "Identity.infrastructure", "school.Modules\Identity\Identity.infrastructure\Identity.infrastructure.csproj", "{C792E0F0-29D7-438A-B493-CE17DEBE385F}"
EndProject
Project("{2150E333-8FDC-42A3-9474-1A3956D46DE8}") = "Common", "Common", "{BC623213-32E1-43CC-ADD7-6E36D074A771}"
EndProject
Project("{FAE04EC0-301F-11D3-BF4B-00C04F79EFBC}") = "Common", "school.Modules\Common\Common\Common.csproj", "{CF4BC291-9AC1-45D3-8E38-1196DAAD5565}"
EndProject
Project("{2150E333-8FDC-42A3-9474-1A3956D46DE8}") = "Notification", "Notification", "{6194D035-BD69-435B-BCDF-9D195325CA91}"
EndProject
Project("{FAE04EC0-301F-11D3-BF4B-00C04F79EFBC}") = "Notification", "school.Modules\Notification\Notification\Notification.csproj", "{D9790DA8-F841-4A6C-9E0D-D03750B0C6DA}"
EndProject
Project("{2150E333-8FDC-42A3-9474-1A3956D46DE8}") = "Test", "Test", "{8C024D31-B923-4623-B3AB-33559BAC2A5F}"
EndProject
Project("{FAE04EC0-301F-11D3-BF4B-00C04F79EFBC}") = "Architecture.Test", "Test\Architecture.Test\Architecture.Test.csproj", "{C5365FE0-3E29-4853-9BF8-75EE9D573614}"
EndProject

Project("{E53339B2-1760-4266-BCC7-CA923CBCF16C}") = "docker-compose", "docker-compose.dcproj", "{7AE1D9AF-A9C4-472A-A3C3-28058B8701F8}"
EndProject
Project("{FAE04EC0-301F-11D3-BF4B-00C04F79EFBC}") = "Identity.Test", "school.Modules\Identity\Identity.Test\Identity.Test.csproj", "{D4F5391E-119D-49D6-8970-AF7924678A08}"
EndProject
Project("{FAE04EC0-301F-11D3-BF4B-00C04F79EFBC}") = "Notification.Test", "school.Modules\Notification\Notification.Test\Notification.Test.csproj", "{182070CF-FD48-46B6-9028-5954EB193642}"
EndProject
Project("{FAE04EC0-301F-11D3-BF4B-00C04F79EFBC}") = "Shared.Domain", "school.Shared\Shared.Domain\Shared.Domain.csproj", "{A3718091-AFE5-4D44-9013-0A1D275CC3F4}"
EndProject
Project("{FAE04EC0-301F-11D3-BF4B-00C04F79EFBC}") = "Shared.Application", "school.Shared\Shared.Application\Shared.Application.csproj", "{467C168A-67BC-4FA4-91C6-2C30F00F3EA6}"
EndProject
Project("{FAE04EC0-301F-11D3-BF4B-00C04F79EFBC}") = "Shared.Infrastructure", "school.Shared\Shared.Infrastructure\Shared.Infrastructure.csproj", "{EA0770F8-39D3-41C0-94ED-C9EE25EF8B6B}"
EndProject
Project("{FAE04EC0-301F-11D3-BF4B-00C04F79EFBC}") = "Common.Test", "school.Modules\Common\Common.Test\Common.Test.csproj", "{D6992FEE-7F3B-4602-99F4-FBF132B96ED5}"
EndProject
Project("{FAE04EC0-301F-11D3-BF4B-00C04F79EFBC}") = "Shared.Architecture", "school.Shared\Shared.Architecture\Shared.Architecture.csproj", "{7D95A675-6D16-4022-AEA9-6F65F88E9D49}"
EndProject
Project("{FAE04EC0-301F-11D3-BF4B-00C04F79EFBC}") = "Identity.Presentation", "myfood.Modules\Identity\Identity.Presentation\Identity.Presentation.csproj", "{1D5FFAFA-AB7C-47C6-93B5-2503BD4DAF3D}"
EndProject
Global
	GlobalSection(SolutionConfigurationPlatforms) = preSolution
		Debug|Any CPU = Debug|Any CPU
		Release|Any CPU = Release|Any CPU
	EndGlobalSection
	GlobalSection(NestedProjects) = preSolution
		{90F2A820-6703-4066-BA53-3EA7ACEEBB6F} = {94FB2057-D881-4870-A835-7EE9245023DF}
		{DA28DEBC-3230-46CD-88F1-B6FD703A9A46} = {36241FFF-EA31-4B90-A658-76DE24769413}
		{0C64A27D-3670-428A-8DCE-3ED3E3CB5F95} = {DA28DEBC-3230-46CD-88F1-B6FD703A9A46}
		{5023B2D1-48A1-4C0E-BF62-9A456E11BBF8} = {DA28DEBC-3230-46CD-88F1-B6FD703A9A46}
		{C792E0F0-29D7-438A-B493-CE17DEBE385F} = {DA28DEBC-3230-46CD-88F1-B6FD703A9A46}
		{BC623213-32E1-43CC-ADD7-6E36D074A771} = {36241FFF-EA31-4B90-A658-76DE24769413}
		{CF4BC291-9AC1-45D3-8E38-1196DAAD5565} = {BC623213-32E1-43CC-ADD7-6E36D074A771}
		{6194D035-BD69-435B-BCDF-9D195325CA91} = {36241FFF-EA31-4B90-A658-76DE24769413}
		{D9790DA8-F841-4A6C-9E0D-D03750B0C6DA} = {6194D035-BD69-435B-BCDF-9D195325CA91}
		{C5365FE0-3E29-4853-9BF8-75EE9D573614} = {8C024D31-B923-4623-B3AB-33559BAC2A5F}
		{D4F5391E-119D-49D6-8970-AF7924678A08} = {DA28DEBC-3230-46CD-88F1-B6FD703A9A46}
		{182070CF-FD48-46B6-9028-5954EB193642} = {6194D035-BD69-435B-BCDF-9D195325CA91}
		{A3718091-AFE5-4D44-9013-0A1D275CC3F4} = {520E5A25-EFE9-4778-B102-BD1E18E1409D}
		{467C168A-67BC-4FA4-91C6-2C30F00F3EA6} = {520E5A25-EFE9-4778-B102-BD1E18E1409D}
		{EA0770F8-39D3-41C0-94ED-C9EE25EF8B6B} = {520E5A25-EFE9-4778-B102-BD1E18E1409D}
		{D6992FEE-7F3B-4602-99F4-FBF132B96ED5} = {BC623213-32E1-43CC-ADD7-6E36D074A771}
		{7D95A675-6D16-4022-AEA9-6F65F88E9D49} = {520E5A25-EFE9-4778-B102-BD1E18E1409D}
		{1D5FFAFA-AB7C-47C6-93B5-2503BD4DAF3D} = {DA28DEBC-3230-46CD-88F1-B6FD703A9A46}
	EndGlobalSection
	GlobalSection(ProjectConfigurationPlatforms) = postSolution
		{90F2A820-6703-4066-BA53-3EA7ACEEBB6F}.Debug|Any CPU.ActiveCfg = Debug|Any CPU
		{90F2A820-6703-4066-BA53-3EA7ACEEBB6F}.Debug|Any CPU.Build.0 = Debug|Any CPU
		{90F2A820-6703-4066-BA53-3EA7ACEEBB6F}.Release|Any CPU.ActiveCfg = Release|Any CPU
		{90F2A820-6703-4066-BA53-3EA7ACEEBB6F}.Release|Any CPU.Build.0 = Release|Any CPU
		{0C64A27D-3670-428A-8DCE-3ED3E3CB5F95}.Debug|Any CPU.ActiveCfg = Debug|Any CPU
		{0C64A27D-3670-428A-8DCE-3ED3E3CB5F95}.Debug|Any CPU.Build.0 = Debug|Any CPU
		{0C64A27D-3670-428A-8DCE-3ED3E3CB5F95}.Release|Any CPU.ActiveCfg = Release|Any CPU
		{0C64A27D-3670-428A-8DCE-3ED3E3CB5F95}.Release|Any CPU.Build.0 = Release|Any CPU
		{5023B2D1-48A1-4C0E-BF62-9A456E11BBF8}.Debug|Any CPU.ActiveCfg = Debug|Any CPU
		{5023B2D1-48A1-4C0E-BF62-9A456E11BBF8}.Debug|Any CPU.Build.0 = Debug|Any CPU
		{5023B2D1-48A1-4C0E-BF62-9A456E11BBF8}.Release|Any CPU.ActiveCfg = Release|Any CPU
		{5023B2D1-48A1-4C0E-BF62-9A456E11BBF8}.Release|Any CPU.Build.0 = Release|Any CPU
		{C792E0F0-29D7-438A-B493-CE17DEBE385F}.Debug|Any CPU.ActiveCfg = Debug|Any CPU
		{C792E0F0-29D7-438A-B493-CE17DEBE385F}.Debug|Any CPU.Build.0 = Debug|Any CPU
		{C792E0F0-29D7-438A-B493-CE17DEBE385F}.Release|Any CPU.ActiveCfg = Release|Any CPU
		{C792E0F0-29D7-438A-B493-CE17DEBE385F}.Release|Any CPU.Build.0 = Release|Any CPU
		{CF4BC291-9AC1-45D3-8E38-1196DAAD5565}.Debug|Any CPU.ActiveCfg = Debug|Any CPU
		{CF4BC291-9AC1-45D3-8E38-1196DAAD5565}.Debug|Any CPU.Build.0 = Debug|Any CPU
		{CF4BC291-9AC1-45D3-8E38-1196DAAD5565}.Release|Any CPU.ActiveCfg = Release|Any CPU
		{CF4BC291-9AC1-45D3-8E38-1196DAAD5565}.Release|Any CPU.Build.0 = Release|Any CPU
		{D9790DA8-F841-4A6C-9E0D-D03750B0C6DA}.Debug|Any CPU.ActiveCfg = Debug|Any CPU
		{D9790DA8-F841-4A6C-9E0D-D03750B0C6DA}.Debug|Any CPU.Build.0 = Debug|Any CPU
		{D9790DA8-F841-4A6C-9E0D-D03750B0C6DA}.Release|Any CPU.ActiveCfg = Release|Any CPU
		{D9790DA8-F841-4A6C-9E0D-D03750B0C6DA}.Release|Any CPU.Build.0 = Release|Any CPU
		{C5365FE0-3E29-4853-9BF8-75EE9D573614}.Debug|Any CPU.ActiveCfg = Debug|Any CPU
		{C5365FE0-3E29-4853-9BF8-75EE9D573614}.Debug|Any CPU.Build.0 = Debug|Any CPU
		{C5365FE0-3E29-4853-9BF8-75EE9D573614}.Release|Any CPU.ActiveCfg = Release|Any CPU
		{C5365FE0-3E29-4853-9BF8-75EE9D573614}.Release|Any CPU.Build.0 = Release|Any CPU
		{D4F5391E-119D-49D6-8970-AF7924678A08}.Debug|Any CPU.ActiveCfg = Debug|Any CPU
		{D4F5391E-119D-49D6-8970-AF7924678A08}.Debug|Any CPU.Build.0 = Debug|Any CPU
		{D4F5391E-119D-49D6-8970-AF7924678A08}.Release|Any CPU.ActiveCfg = Release|Any CPU
		{D4F5391E-119D-49D6-8970-AF7924678A08}.Release|Any CPU.Build.0 = Release|Any CPU
		{182070CF-FD48-46B6-9028-5954EB193642}.Debug|Any CPU.ActiveCfg = Debug|Any CPU
		{182070CF-FD48-46B6-9028-5954EB193642}.Debug|Any CPU.Build.0 = Debug|Any CPU
		{182070CF-FD48-46B6-9028-5954EB193642}.Release|Any CPU.ActiveCfg = Release|Any CPU
		{182070CF-FD48-46B6-9028-5954EB193642}.Release|Any CPU.Build.0 = Release|Any CPU
		{A3718091-AFE5-4D44-9013-0A1D275CC3F4}.Debug|Any CPU.ActiveCfg = Debug|Any CPU
		{A3718091-AFE5-4D44-9013-0A1D275CC3F4}.Debug|Any CPU.Build.0 = Debug|Any CPU
		{A3718091-AFE5-4D44-9013-0A1D275CC3F4}.Release|Any CPU.ActiveCfg = Release|Any CPU
		{A3718091-AFE5-4D44-9013-0A1D275CC3F4}.Release|Any CPU.Build.0 = Release|Any CPU
		{467C168A-67BC-4FA4-91C6-2C30F00F3EA6}.Debug|Any CPU.ActiveCfg = Debug|Any CPU
		{467C168A-67BC-4FA4-91C6-2C30F00F3EA6}.Debug|Any CPU.Build.0 = Debug|Any CPU
		{467C168A-67BC-4FA4-91C6-2C30F00F3EA6}.Release|Any CPU.ActiveCfg = Release|Any CPU
		{467C168A-67BC-4FA4-91C6-2C30F00F3EA6}.Release|Any CPU.Build.0 = Release|Any CPU
		{EA0770F8-39D3-41C0-94ED-C9EE25EF8B6B}.Debug|Any CPU.ActiveCfg = Debug|Any CPU
		{EA0770F8-39D3-41C0-94ED-C9EE25EF8B6B}.Debug|Any CPU.Build.0 = Debug|Any CPU
		{EA0770F8-39D3-41C0-94ED-C9EE25EF8B6B}.Release|Any CPU.ActiveCfg = Release|Any CPU
		{EA0770F8-39D3-41C0-94ED-C9EE25EF8B6B}.Release|Any CPU.Build.0 = Release|Any CPU
		{D6992FEE-7F3B-4602-99F4-FBF132B96ED5}.Debug|Any CPU.ActiveCfg = Debug|Any CPU
		{D6992FEE-7F3B-4602-99F4-FBF132B96ED5}.Debug|Any CPU.Build.0 = Debug|Any CPU
		{D6992FEE-7F3B-4602-99F4-FBF132B96ED5}.Release|Any CPU.ActiveCfg = Release|Any CPU
		{D6992FEE-7F3B-4602-99F4-FBF132B96ED5}.Release|Any CPU.Build.0 = Release|Any CPU
		{7D95A675-6D16-4022-AEA9-6F65F88E9D49}.Debug|Any CPU.ActiveCfg = Debug|Any CPU
		{7D95A675-6D16-4022-AEA9-6F65F88E9D49}.Debug|Any CPU.Build.0 = Debug|Any CPU
		{7D95A675-6D16-4022-AEA9-6F65F88E9D49}.Release|Any CPU.ActiveCfg = Release|Any CPU
		{7D95A675-6D16-4022-AEA9-6F65F88E9D49}.Release|Any CPU.Build.0 = Release|Any CPU
		{1D5FFAFA-AB7C-47C6-93B5-2503BD4DAF3D}.Debug|Any CPU.ActiveCfg = Debug|Any CPU
		{1D5FFAFA-AB7C-47C6-93B5-2503BD4DAF3D}.Debug|Any CPU.Build.0 = Debug|Any CPU
		{1D5FFAFA-AB7C-47C6-93B5-2503BD4DAF3D}.Release|Any CPU.ActiveCfg = Release|Any CPU
		{1D5FFAFA-AB7C-47C6-93B5-2503BD4DAF3D}.Release|Any CPU.Build.0 = Release|Any CPU
	EndGlobalSection
EndGlobal
